// !$*UTF8*$!
{
	archiveVersion = 1;
	classes = {
	};
	objectVersion = 46;
	objects = {

/* Begin PBXBuildFile section */
		553656441EDAF310007E28D3 /* AppDelegate.swift in Sources */ = {isa = PBXBuildFile; fileRef = 553656431EDAF310007E28D3 /* AppDelegate.swift */; };
		553656461EDAF310007E28D3 /* ViewController.swift in Sources */ = {isa = PBXBuildFile; fileRef = 553656451EDAF310007E28D3 /* ViewController.swift */; };
		553656491EDAF310007E28D3 /* Main.storyboard in Resources */ = {isa = PBXBuildFile; fileRef = 553656471EDAF310007E28D3 /* Main.storyboard */; };
		5536564C1EDAF310007E28D3 /* WeatherMap.xcdatamodeld in Sources */ = {isa = PBXBuildFile; fileRef = 5536564A1EDAF310007E28D3 /* WeatherMap.xcdatamodeld */; };
		5536564E1EDAF310007E28D3 /* Assets.xcassets in Resources */ = {isa = PBXBuildFile; fileRef = 5536564D1EDAF310007E28D3 /* Assets.xcassets */; };
		553656511EDAF310007E28D3 /* LaunchScreen.storyboard in Resources */ = {isa = PBXBuildFile; fileRef = 5536564F1EDAF310007E28D3 /* LaunchScreen.storyboard */; };
		5536565C1EDAF310007E28D3 /* WeatherMapTests.swift in Sources */ = {isa = PBXBuildFile; fileRef = 5536565B1EDAF310007E28D3 /* WeatherMapTests.swift */; };
		553656671EDAF310007E28D3 /* WeatherMapUITests.swift in Sources */ = {isa = PBXBuildFile; fileRef = 553656661EDAF310007E28D3 /* WeatherMapUITests.swift */; };
		554298D41EDCE8320082F64D /* TableViewController.swift in Sources */ = {isa = PBXBuildFile; fileRef = 554298D31EDCE8320082F64D /* TableViewController.swift */; };
		554298D61EDD09170082F64D /* TableViewCell.swift in Sources */ = {isa = PBXBuildFile; fileRef = 554298D51EDD09170082F64D /* TableViewCell.swift */; };
/* End PBXBuildFile section */

/* Begin PBXContainerItemProxy section */
		553656581EDAF310007E28D3 /* PBXContainerItemProxy */ = {
			isa = PBXContainerItemProxy;
			containerPortal = 553656381EDAF310007E28D3 /* Project object */;
			proxyType = 1;
			remoteGlobalIDString = 5536563F1EDAF310007E28D3;
			remoteInfo = WeatherMap;
		};
		553656631EDAF310007E28D3 /* PBXContainerItemProxy */ = {
			isa = PBXContainerItemProxy;
			containerPortal = 553656381EDAF310007E28D3 /* Project object */;
			proxyType = 1;
			remoteGlobalIDString = 5536563F1EDAF310007E28D3;
			remoteInfo = WeatherMap;
		};
/* End PBXContainerItemProxy section */

/* Begin PBXFileReference section */
		553656401EDAF310007E28D3 /* WeatherMap.app */ = {isa = PBXFileReference; explicitFileType = wrapper.application; includeInIndex = 0; path = WeatherMap.app; sourceTree = BUILT_PRODUCTS_DIR; };
		553656431EDAF310007E28D3 /* AppDelegate.swift */ = {isa = PBXFileReference; lastKnownFileType = sourcecode.swift; path = AppDelegate.swift; sourceTree = "<group>"; };
		553656451EDAF310007E28D3 /* ViewController.swift */ = {isa = PBXFileReference; lastKnownFileType = sourcecode.swift; path = ViewController.swift; sourceTree = "<group>"; };
		553656481EDAF310007E28D3 /* Base */ = {isa = PBXFileReference; lastKnownFileType = file.storyboard; name = Base; path = Base.lproj/Main.storyboard; sourceTree = "<group>"; };
		5536564B1EDAF310007E28D3 /* WeatherMap.xcdatamodel */ = {isa = PBXFileReference; lastKnownFileType = wrapper.xcdatamodel; path = WeatherMap.xcdatamodel; sourceTree = "<group>"; };
		5536564D1EDAF310007E28D3 /* Assets.xcassets */ = {isa = PBXFileReference; lastKnownFileType = folder.assetcatalog; path = Assets.xcassets; sourceTree = "<group>"; };
		553656501EDAF310007E28D3 /* Base */ = {isa = PBXFileReference; lastKnownFileType = file.storyboard; name = Base; path = Base.lproj/LaunchScreen.storyboard; sourceTree = "<group>"; };
		553656521EDAF310007E28D3 /* Info.plist */ = {isa = PBXFileReference; lastKnownFileType = text.plist.xml; path = Info.plist; sourceTree = "<group>"; };
		553656571EDAF310007E28D3 /* WeatherMapTests.xctest */ = {isa = PBXFileReference; explicitFileType = wrapper.cfbundle; includeInIndex = 0; path = WeatherMapTests.xctest; sourceTree = BUILT_PRODUCTS_DIR; };
		5536565B1EDAF310007E28D3 /* WeatherMapTests.swift */ = {isa = PBXFileReference; lastKnownFileType = sourcecode.swift; path = WeatherMapTests.swift; sourceTree = "<group>"; };
		5536565D1EDAF310007E28D3 /* Info.plist */ = {isa = PBXFileReference; lastKnownFileType = text.plist.xml; path = Info.plist; sourceTree = "<group>"; };
		553656621EDAF310007E28D3 /* WeatherMapUITests.xctest */ = {isa = PBXFileReference; explicitFileType = wrapper.cfbundle; includeInIndex = 0; path = WeatherMapUITests.xctest; sourceTree = BUILT_PRODUCTS_DIR; };
		553656661EDAF310007E28D3 /* WeatherMapUITests.swift */ = {isa = PBXFileReference; lastKnownFileType = sourcecode.swift; path = WeatherMapUITests.swift; sourceTree = "<group>"; };
		553656681EDAF310007E28D3 /* Info.plist */ = {isa = PBXFileReference; lastKnownFileType = text.plist.xml; path = Info.plist; sourceTree = "<group>"; };
		554298D31EDCE8320082F64D /* TableViewController.swift */ = {isa = PBXFileReference; fileEncoding = 4; lastKnownFileType = sourcecode.swift; path = TableViewController.swift; sourceTree = "<group>"; };
		554298D51EDD09170082F64D /* TableViewCell.swift */ = {isa = PBXFileReference; fileEncoding = 4; lastKnownFileType = sourcecode.swift; path = TableViewCell.swift; sourceTree = "<group>"; };
/* End PBXFileReference section */

/* Begin PBXFrameworksBuildPhase section */
		5536563D1EDAF310007E28D3 /* Frameworks */ = {
			isa = PBXFrameworksBuildPhase;
			buildActionMask = 2147483647;
			files = (
			);
			runOnlyForDeploymentPostprocessing = 0;
		};
		553656541EDAF310007E28D3 /* Frameworks */ = {
			isa = PBXFrameworksBuildPhase;
			buildActionMask = 2147483647;
			files = (
			);
			runOnlyForDeploymentPostprocessing = 0;
		};
		5536565F1EDAF310007E28D3 /* Frameworks */ = {
			isa = PBXFrameworksBuildPhase;
			buildActionMask = 2147483647;
			files = (
			);
			runOnlyForDeploymentPostprocessing = 0;
		};
/* End PBXFrameworksBuildPhase section */

/* Begin PBXGroup section */
		553656371EDAF310007E28D3 = {
			isa = PBXGroup;
			children = (
				553656421EDAF310007E28D3 /* WeatherMap */,
				5536565A1EDAF310007E28D3 /* WeatherMapTests */,
				553656651EDAF310007E28D3 /* WeatherMapUITests */,
				553656411EDAF310007E28D3 /* Products */,
			);
			sourceTree = "<group>";
		};
		553656411EDAF310007E28D3 /* Products */ = {
			isa = PBXGroup;
			children = (
				553656401EDAF310007E28D3 /* WeatherMap.app */,
				553656571EDAF310007E28D3 /* WeatherMapTests.xctest */,
				553656621EDAF310007E28D3 /* WeatherMapUITests.xctest */,
			);
			name = Products;
			sourceTree = "<group>";
		};
		553656421EDAF310007E28D3 /* WeatherMap */ = {
			isa = PBXGroup;
			children = (
				553656431EDAF310007E28D3 /* AppDelegate.swift */,
				553656451EDAF310007E28D3 /* ViewController.swift */,
				553656471EDAF310007E28D3 /* Main.storyboard */,
				5536564D1EDAF310007E28D3 /* Assets.xcassets */,
				5536564F1EDAF310007E28D3 /* LaunchScreen.storyboard */,
				553656521EDAF310007E28D3 /* Info.plist */,
				5536564A1EDAF310007E28D3 /* WeatherMap.xcdatamodeld */,
				554298D31EDCE8320082F64D /* TableViewController.swift */,
				554298D51EDD09170082F64D /* TableViewCell.swift */,
			);
			path = WeatherMap;
			sourceTree = "<group>";
		};
		5536565A1EDAF310007E28D3 /* WeatherMapTests */ = {
			isa = PBXGroup;
			children = (
				5536565B1EDAF310007E28D3 /* WeatherMapTests.swift */,
				5536565D1EDAF310007E28D3 /* Info.plist */,
			);
			path = WeatherMapTests;
			sourceTree = "<group>";
		};
		553656651EDAF310007E28D3 /* WeatherMapUITests */ = {
			isa = PBXGroup;
			children = (
				553656661EDAF310007E28D3 /* WeatherMapUITests.swift */,
				553656681EDAF310007E28D3 /* Info.plist */,
			);
			path = WeatherMapUITests;
			sourceTree = "<group>";
		};
/* End PBXGroup section */

/* Begin PBXNativeTarget section */
		5536563F1EDAF310007E28D3 /* WeatherMap */ = {
			isa = PBXNativeTarget;
			buildConfigurationList = 5536566B1EDAF310007E28D3 /* Build configuration list for PBXNativeTarget "WeatherMap" */;
			buildPhases = (
				5536563C1EDAF310007E28D3 /* Sources */,
				5536563D1EDAF310007E28D3 /* Frameworks */,
				5536563E1EDAF310007E28D3 /* Resources */,
			);
			buildRules = (
			);
			dependencies = (
			);
			name = WeatherMap;
			productName = WeatherMap;
			productReference = 553656401EDAF310007E28D3 /* WeatherMap.app */;
			productType = "com.apple.product-type.application";
		};
		553656561EDAF310007E28D3 /* WeatherMapTests */ = {
			isa = PBXNativeTarget;
			buildConfigurationList = 5536566E1EDAF310007E28D3 /* Build configuration list for PBXNativeTarget "WeatherMapTests" */;
			buildPhases = (
				553656531EDAF310007E28D3 /* Sources */,
				553656541EDAF310007E28D3 /* Frameworks */,
				553656551EDAF310007E28D3 /* Resources */,
			);
			buildRules = (
			);
			dependencies = (
				553656591EDAF310007E28D3 /* PBXTargetDependency */,
			);
			name = WeatherMapTests;
			productName = WeatherMapTests;
			productReference = 553656571EDAF310007E28D3 /* WeatherMapTests.xctest */;
			productType = "com.apple.product-type.bundle.unit-test";
		};
		553656611EDAF310007E28D3 /* WeatherMapUITests */ = {
			isa = PBXNativeTarget;
			buildConfigurationList = 553656711EDAF310007E28D3 /* Build configuration list for PBXNativeTarget "WeatherMapUITests" */;
			buildPhases = (
				5536565E1EDAF310007E28D3 /* Sources */,
				5536565F1EDAF310007E28D3 /* Frameworks */,
				553656601EDAF310007E28D3 /* Resources */,
			);
			buildRules = (
			);
			dependencies = (
				553656641EDAF310007E28D3 /* PBXTargetDependency */,
			);
			name = WeatherMapUITests;
			productName = WeatherMapUITests;
			productReference = 553656621EDAF310007E28D3 /* WeatherMapUITests.xctest */;
			productType = "com.apple.product-type.bundle.ui-testing";
		};
/* End PBXNativeTarget section */

/* Begin PBXProject section */
		553656381EDAF310007E28D3 /* Project object */ = {
			isa = PBXProject;
			attributes = {
				LastSwiftUpdateCheck = 0830;
				LastUpgradeCheck = 0830;
				ORGANIZATIONNAME = "David Argilan";
				TargetAttributes = {
					5536563F1EDAF310007E28D3 = {
						CreatedOnToolsVersion = 8.3.2;
						DevelopmentTeam = 2K97YL8GTH;
						ProvisioningStyle = Automatic;
					};
					553656561EDAF310007E28D3 = {
						CreatedOnToolsVersion = 8.3.2;
						DevelopmentTeam = 2K97YL8GTH;
						ProvisioningStyle = Automatic;
						TestTargetID = 5536563F1EDAF310007E28D3;
					};
					553656611EDAF310007E28D3 = {
						CreatedOnToolsVersion = 8.3.2;
						DevelopmentTeam = 2K97YL8GTH;
						ProvisioningStyle = Automatic;
						TestTargetID = 5536563F1EDAF310007E28D3;
					};
				};
			};
			buildConfigurationList = 5536563B1EDAF310007E28D3 /* Build configuration list for PBXProject "WeatherMap" */;
			compatibilityVersion = "Xcode 3.2";
			developmentRegion = English;
			hasScannedForEncodings = 0;
			knownRegions = (
				en,
				Base,
			);
			mainGroup = 553656371EDAF310007E28D3;
			productRefGroup = 553656411EDAF310007E28D3 /* Products */;
			projectDirPath = "";
			projectRoot = "";
			targets = (
				5536563F1EDAF310007E28D3 /* WeatherMap */,
				553656561EDAF310007E28D3 /* WeatherMapTests */,
				553656611EDAF310007E28D3 /* WeatherMapUITests */,
			);
		};
/* End PBXProject section */

/* Begin PBXResourcesBuildPhase section */
		5536563E1EDAF310007E28D3 /* Resources */ = {
			isa = PBXResourcesBuildPhase;
			buildActionMask = 2147483647;
			files = (
				553656511EDAF310007E28D3 /* LaunchScreen.storyboard in Resources */,
				5536564E1EDAF310007E28D3 /* Assets.xcassets in Resources */,
				553656491EDAF310007E28D3 /* Main.storyboard in Resources */,
			);
			runOnlyForDeploymentPostprocessing = 0;
		};
		553656551EDAF310007E28D3 /* Resources */ = {
			isa = PBXResourcesBuildPhase;
			buildActionMask = 2147483647;
			files = (
			);
			runOnlyForDeploymentPostprocessing = 0;
		};
		553656601EDAF310007E28D3 /* Resources */ = {
			isa = PBXResourcesBuildPhase;
			buildActionMask = 2147483647;
			files = (
			);
			runOnlyForDeploymentPostprocessing = 0;
		};
/* End PBXResourcesBuildPhase section */

/* Begin PBXSourcesBuildPhase section */
		5536563C1EDAF310007E28D3 /* Sources */ = {
			isa = PBXSourcesBuildPhase;
			buildActionMask = 2147483647;
			files = (
				554298D61EDD09170082F64D /* TableViewCell.swift in Sources */,
				553656461EDAF310007E28D3 /* ViewController.swift in Sources */,
				5536564C1EDAF310007E28D3 /* WeatherMap.xcdatamodeld in Sources */,
				553656441EDAF310007E28D3 /* AppDelegate.swift in Sources */,
				554298D41EDCE8320082F64D /* TableViewController.swift in Sources */,
			);
			runOnlyForDeploymentPostprocessing = 0;
		};
		553656531EDAF310007E28D3 /* Sources */ = {
			isa = PBXSourcesBuildPhase;
			buildActionMask = 2147483647;
			files = (
				5536565C1EDAF310007E28D3 /* WeatherMapTests.swift in Sources */,
			);
			runOnlyForDeploymentPostprocessing = 0;
		};
		5536565E1EDAF310007E28D3 /* Sources */ = {
			isa = PBXSourcesBuildPhase;
			buildActionMask = 2147483647;
			files = (
				553656671EDAF310007E28D3 /* WeatherMapUITests.swift in Sources */,
			);
			runOnlyForDeploymentPostprocessing = 0;
		};
/* End PBXSourcesBuildPhase section */

/* Begin PBXTargetDependency section */
		553656591EDAF310007E28D3 /* PBXTargetDependency */ = {
			isa = PBXTargetDependency;
			target = 5536563F1EDAF310007E28D3 /* WeatherMap */;
			targetProxy = 553656581EDAF310007E28D3 /* PBXContainerItemProxy */;
		};
		553656641EDAF310007E28D3 /* PBXTargetDependency */ = {
			isa = PBXTargetDependency;
			target = 5536563F1EDAF310007E28D3 /* WeatherMap */;
			targetProxy = 553656631EDAF310007E28D3 /* PBXContainerItemProxy */;
		};
/* End PBXTargetDependency section */

/* Begin PBXVariantGroup section */
		553656471EDAF310007E28D3 /* Main.storyboard */ = {
			isa = PBXVariantGroup;
			children = (
				553656481EDAF310007E28D3 /* Base */,
			);
			name = Main.storyboard;
			sourceTree = "<group>";
		};
		5536564F1EDAF310007E28D3 /* LaunchScreen.storyboard */ = {
			isa = PBXVariantGroup;
			children = (
				553656501EDAF310007E28D3 /* Base */,
			);
			name = LaunchScreen.storyboard;
			sourceTree = "<group>";
		};
/* End PBXVariantGroup section */

/* Begin XCBuildConfiguration section */
		553656691EDAF310007E28D3 /* Debug */ = {
			isa = XCBuildConfiguration;
			buildSettings = {
				ALWAYS_SEARCH_USER_PATHS = NO;
				CLANG_ANALYZER_NONNULL = YES;
				CLANG_ANALYZER_NUMBER_OBJECT_CONVERSION = YES_AGGRESSIVE;
				CLANG_CXX_LANGUAGE_STANDARD = "gnu++0x";
				CLANG_CXX_LIBRARY = "libc++";
				CLANG_ENABLE_MODULES = YES;
				CLANG_ENABLE_OBJC_ARC = YES;
				CLANG_WARN_BOOL_CONVERSION = YES;
				CLANG_WARN_CONSTANT_CONVERSION = YES;
				CLANG_WARN_DIRECT_OBJC_ISA_USAGE = YES_ERROR;
				CLANG_WARN_DOCUMENTATION_COMMENTS = YES;
				CLANG_WARN_EMPTY_BODY = YES;
				CLANG_WARN_ENUM_CONVERSION = YES;
				CLANG_WARN_INFINITE_RECURSION = YES;
				CLANG_WARN_INT_CONVERSION = YES;
				CLANG_WARN_OBJC_ROOT_CLASS = YES_ERROR;
				CLANG_WARN_SUSPICIOUS_MOVE = YES;
				CLANG_WARN_UNREACHABLE_CODE = YES;
				CLANG_WARN__DUPLICATE_METHOD_MATCH = YES;
				"CODE_SIGN_IDENTITY[sdk=iphoneos*]" = "iPhone Developer";
				COPY_PHASE_STRIP = NO;
				DEBUG_INFORMATION_FORMAT = dwarf;
				ENABLE_STRICT_OBJC_MSGSEND = YES;
				ENABLE_TESTABILITY = YES;
				GCC_C_LANGUAGE_STANDARD = gnu99;
				GCC_DYNAMIC_NO_PIC = NO;
				GCC_NO_COMMON_BLOCKS = YES;
				GCC_OPTIMIZATION_LEVEL = 0;
				GCC_PREPROCESSOR_DEFINITIONS = (
					"DEBUG=1",
					"$(inherited)",
				);
				GCC_WARN_64_TO_32_BIT_CONVERSION = YES;
				GCC_WARN_ABOUT_RETURN_TYPE = YES_ERROR;
				GCC_WARN_UNDECLARED_SELECTOR = YES;
				GCC_WARN_UNINITIALIZED_AUTOS = YES_AGGRESSIVE;
				GCC_WARN_UNUSED_FUNCTION = YES;
				GCC_WARN_UNUSED_VARIABLE = YES;
				IPHONEOS_DEPLOYMENT_TARGET = 10.0;
				MTL_ENABLE_DEBUG_INFO = YES;
				ONLY_ACTIVE_ARCH = YES;
				SDKROOT = iphoneos;
				SWIFT_ACTIVE_COMPILATION_CONDITIONS = DEBUG;
				SWIFT_OPTIMIZATION_LEVEL = "-Onone";
				TARGETED_DEVICE_FAMILY = "1,2";
			};
			name = Debug;
		};
		5536566A1EDAF310007E28D3 /* Release */ = {
			isa = XCBuildConfiguration;
			buildSettings = {
				ALWAYS_SEARCH_USER_PATHS = NO;
				CLANG_ANALYZER_NONNULL = YES;
				CLANG_ANALYZER_NUMBER_OBJECT_CONVERSION = YES_AGGRESSIVE;
				CLANG_CXX_LANGUAGE_STANDARD = "gnu++0x";
				CLANG_CXX_LIBRARY = "libc++";
				CLANG_ENABLE_MODULES = YES;
				CLANG_ENABLE_OBJC_ARC = YES;
				CLANG_WARN_BOOL_CONVERSION = YES;
				CLANG_WARN_CONSTANT_CONVERSION = YES;
				CLANG_WARN_DIRECT_OBJC_ISA_USAGE = YES_ERROR;
				CLANG_WARN_DOCUMENTATION_COMMENTS = YES;
				CLANG_WARN_EMPTY_BODY = YES;
				CLANG_WARN_ENUM_CONVERSION = YES;
				CLANG_WARN_INFINITE_RECURSION = YES;
				CLANG_WARN_INT_CONVERSION = YES;
				CLANG_WARN_OBJC_ROOT_CLASS = YES_ERROR;
				CLANG_WARN_SUSPICIOUS_MOVE = YES;
				CLANG_WARN_UNREACHABLE_CODE = YES;
				CLANG_WARN__DUPLICATE_METHOD_MATCH = YES;
				"CODE_SIGN_IDENTITY[sdk=iphoneos*]" = "iPhone Developer";
				COPY_PHASE_STRIP = NO;
				DEBUG_INFORMATION_FORMAT = "dwarf-with-dsym";
				ENABLE_NS_ASSERTIONS = NO;
				ENABLE_STRICT_OBJC_MSGSEND = YES;
				GCC_C_LANGUAGE_STANDARD = gnu99;
				GCC_NO_COMMON_BLOCKS = YES;
				GCC_WARN_64_TO_32_BIT_CONVERSION = YES;
				GCC_WARN_ABOUT_RETURN_TYPE = YES_ERROR;
				GCC_WARN_UNDECLARED_SELECTOR = YES;
				GCC_WARN_UNINITIALIZED_AUTOS = YES_AGGRESSIVE;
				GCC_WARN_UNUSED_FUNCTION = YES;
				GCC_WARN_UNUSED_VARIABLE = YES;
				IPHONEOS_DEPLOYMENT_TARGET = 10.0;
				MTL_ENABLE_DEBUG_INFO = NO;
				SDKROOT = iphoneos;
				SWIFT_OPTIMIZATION_LEVEL = "-Owholemodule";
				TARGETED_DEVICE_FAMILY = "1,2";
				VALIDATE_PRODUCT = YES;
			};
			name = Release;
		};
		5536566C1EDAF310007E28D3 /* Debug */ = {
			isa = XCBuildConfiguration;
			buildSettings = {
				ASSETCATALOG_COMPILER_APPICON_NAME = AppIcon;
				DEVELOPMENT_TEAM = 2K97YL8GTH;
				INFOPLIST_FILE = WeatherMap/Info.plist;
				LD_RUNPATH_SEARCH_PATHS = "$(inherited) @executable_path/Frameworks";
				PRODUCT_BUNDLE_IDENTIFIER = com.daa.WeatherMap;
				PRODUCT_NAME = "$(TARGET_NAME)";
				SWIFT_VERSION = 3.0;
			};
			name = Debug;
		};
		5536566D1EDAF310007E28D3 /* Release */ = {
			isa = XCBuildConfiguration;
			buildSettings = {
				ASSETCATALOG_COMPILER_APPICON_NAME = AppIcon;
				DEVELOPMENT_TEAM = 2K97YL8GTH;
				INFOPLIST_FILE = WeatherMap/Info.plist;
				LD_RUNPATH_SEARCH_PATHS = "$(inherited) @executable_path/Frameworks";
				PRODUCT_BUNDLE_IDENTIFIER = com.daa.WeatherMap;
				PRODUCT_NAME = "$(TARGET_NAME)";
				SWIFT_VERSION = 3.0;
			};
			name = Release;
		};
		5536566F1EDAF310007E28D3 /* Debug */ = {
			isa = XCBuildConfiguration;
			buildSettings = {
				ALWAYS_EMBED_SWIFT_STANDARD_LIBRARIES = YES;
				BUNDLE_LOADER = "$(TEST_HOST)";
				DEVELOPMENT_TEAM = 2K97YL8GTH;
				INFOPLIST_FILE = WeatherMapTests/Info.plist;
				LD_RUNPATH_SEARCH_PATHS = "$(inherited) @executable_path/Frameworks @loader_path/Frameworks";
				PRODUCT_BUNDLE_IDENTIFIER = com.daa.WeatherMapTests;
				PRODUCT_NAME = "$(TARGET_NAME)";
				SWIFT_VERSION = 3.0;
				TEST_HOST = "$(BUILT_PRODUCTS_DIR)/WeatherMap.app/WeatherMap";
			};
			name = Debug;
		};
		553656701EDAF310007E28D3 /* Release */ = {
			isa = XCBuildConfiguration;
			buildSettings = {
				ALWAYS_EMBED_SWIFT_STANDARD_LIBRARIES = YES;
				BUNDLE_LOADER = "$(TEST_HOST)";
				DEVELOPMENT_TEAM = 2K97YL8GTH;
				INFOPLIST_FILE = WeatherMapTests/Info.plist;
				LD_RUNPATH_SEARCH_PATHS = "$(inherited) @executable_path/Frameworks @loader_path/Frameworks";
				PRODUCT_BUNDLE_IDENTIFIER = com.daa.WeatherMapTests;
				PRODUCT_NAME = "$(TARGET_NAME)";
				SWIFT_VERSION = 3.0;
				TEST_HOST = "$(BUILT_PRODUCTS_DIR)/WeatherMap.app/WeatherMap";
			};
			name = Release;
		};
		553656721EDAF310007E28D3 /* Debug */ = {
			isa = XCBuildConfiguration;
			buildSettings = {
				ALWAYS_EMBED_SWIFT_STANDARD_LIBRARIES = YES;
				DEVELOPMENT_TEAM = 2K97YL8GTH;
				INFOPLIST_FILE = WeatherMapUITests/Info.plist;
				LD_RUNPATH_SEARCH_PATHS = "$(inherited) @executable_path/Frameworks @loader_path/Frameworks";
				PRODUCT_BUNDLE_IDENTIFIER = com.daa.WeatherMapUITests;
				PRODUCT_NAME = "$(TARGET_NAME)";
				SWIFT_VERSION = 3.0;
				TEST_TARGET_NAME = WeatherMap;
			};
			name = Debug;
		};
		553656731EDAF310007E28D3 /* Release */ = {
			isa = XCBuildConfiguration;
			buildSettings = {
				ALWAYS_EMBED_SWIFT_STANDARD_LIBRARIES = YES;
				DEVELOPMENT_TEAM = 2K97YL8GTH;
				INFOPLIST_FILE = WeatherMapUITests/Info.plist;
				LD_RUNPATH_SEARCH_PATHS = "$(inherited) @executable_path/Frameworks @loader_path/Frameworks";
				PRODUCT_BUNDLE_IDENTIFIER = com.daa.WeatherMapUITests;
				PRODUCT_NAME = "$(TARGET_NAME)";
				SWIFT_VERSION = 3.0;
				TEST_TARGET_NAME = WeatherMap;
			};
			name = Release;
		};
/* End XCBuildConfiguration section */

/* Begin XCConfigurationList section */
		5536563B1EDAF310007E28D3 /* Build configuration list for PBXProject "WeatherMap" */ = {
			isa = XCConfigurationList;
			buildConfigurations = (
				553656691EDAF310007E28D3 /* Debug */,
				5536566A1EDAF310007E28D3 /* Release */,
			);
			defaultConfigurationIsVisible = 0;
			defaultConfigurationName = Release;
		};
		5536566B1EDAF310007E28D3 /* Build configuration list for PBXNativeTarget "WeatherMap" */ = {
			isa = XCConfigurationList;
			buildConfigurations = (
				5536566C1EDAF310007E28D3 /* Debug */,
				5536566D1EDAF310007E28D3 /* Release */,
			);
			defaultConfigurationIsVisible = 0;
			defaultConfigurationName = Release;
		};
		5536566E1EDAF310007E28D3 /* Build configuration list for PBXNativeTarget "WeatherMapTests" */ = {
			isa = XCConfigurationList;
			buildConfigurations = (
				5536566F1EDAF310007E28D3 /* Debug */,
				553656701EDAF310007E28D3 /* Release */,
			);
			defaultConfigurationIsVisible = 0;
			defaultConfigurationName = Release;
		};
		553656711EDAF310007E28D3 /* Build configuration list for PBXNativeTarget "WeatherMapUITests" */ = {
			isa = XCConfigurationList;
			buildConfigurations = (
				553656721EDAF310007E28D3 /* Debug */,
				553656731EDAF310007E28D3 /* Release */,
			);
			defaultConfigurationIsVisible = 0;
			defaultConfigurationName = Release;
		};
/* End XCConfigurationList section */

/* Begin XCVersionGroup section */
		5536564A1EDAF310007E28D3 /* WeatherMap.xcdatamodeld */ = {
			isa = XCVersionGroup;
			children = (
				5536564B1EDAF310007E28D3 /* WeatherMap.xcdatamodel */,
			);
			currentVersion = 5536564B1EDAF310007E28D3 /* WeatherMap.xcdatamodel */;
			path = WeatherMap.xcdatamodeld;
			sourceTree = "<group>";
			versionGroupType = wrapper.xcdatamodel;
		};
/* End XCVersionGroup section */
	};
	rootObject = 553656381EDAF310007E28D3 /* Project object */;
}
